// !$*UTF8*$!
{
	archiveVersion = 1;
	classes = {
	};
	objectVersion = 46;
	objects = {

/* Begin PBXBuildFile section */
		4C4ED43F14111CED00BE8DA2 /* UIKit.framework in Frameworks */ = {isa = PBXBuildFile; fileRef = 4C4ED43E14111CED00BE8DA2 /* UIKit.framework */; };
		4C4ED44114111CED00BE8DA2 /* Foundation.framework in Frameworks */ = {isa = PBXBuildFile; fileRef = 4C4ED44014111CED00BE8DA2 /* Foundation.framework */; };
		4C4ED44314111CED00BE8DA2 /* CoreGraphics.framework in Frameworks */ = {isa = PBXBuildFile; fileRef = 4C4ED44214111CED00BE8DA2 /* CoreGraphics.framework */; };
		4C4ED44914111CED00BE8DA2 /* InfoPlist.strings in Resources */ = {isa = PBXBuildFile; fileRef = 4C4ED44714111CED00BE8DA2 /* InfoPlist.strings */; };
		4C4ED44B14111CED00BE8DA2 /* main.m in Sources */ = {isa = PBXBuildFile; fileRef = 4C4ED44A14111CED00BE8DA2 /* main.m */; };
		4C4ED44F14111CED00BE8DA2 /* BarCampAppDelegate.m in Sources */ = {isa = PBXBuildFile; fileRef = 4C4ED44E14111CED00BE8DA2 /* BarCampAppDelegate.m */; };
		4C4ED45214111CEE00BE8DA2 /* MainWindow.xib in Resources */ = {isa = PBXBuildFile; fileRef = 4C4ED45014111CEE00BE8DA2 /* MainWindow.xib */; };
		4C4ED45514111CEE00BE8DA2 /* FirstViewController.m in Sources */ = {isa = PBXBuildFile; fileRef = 4C4ED45414111CEE00BE8DA2 /* FirstViewController.m */; };
		4C4ED45814111CEE00BE8DA2 /* SecondViewController.m in Sources */ = {isa = PBXBuildFile; fileRef = 4C4ED45714111CEE00BE8DA2 /* SecondViewController.m */; };
		4C4ED45B14111CEE00BE8DA2 /* FirstView.xib in Resources */ = {isa = PBXBuildFile; fileRef = 4C4ED45914111CEE00BE8DA2 /* FirstView.xib */; };
		4C4ED45E14111CEE00BE8DA2 /* SecondView.xib in Resources */ = {isa = PBXBuildFile; fileRef = 4C4ED45C14111CEE00BE8DA2 /* SecondView.xib */; };
/* End PBXBuildFile section */

/* Begin PBXFileReference section */
		4C4ED43A14111CED00BE8DA2 /* BarCamp.app */ = {isa = PBXFileReference; explicitFileType = wrapper.application; includeInIndex = 0; path = BarCamp.app; sourceTree = BUILT_PRODUCTS_DIR; };
		4C4ED43E14111CED00BE8DA2 /* UIKit.framework */ = {isa = PBXFileReference; lastKnownFileType = wrapper.framework; name = UIKit.framework; path = System/Library/Frameworks/UIKit.framework; sourceTree = SDKROOT; };
		4C4ED44014111CED00BE8DA2 /* Foundation.framework */ = {isa = PBXFileReference; lastKnownFileType = wrapper.framework; name = Foundation.framework; path = System/Library/Frameworks/Foundation.framework; sourceTree = SDKROOT; };
		4C4ED44214111CED00BE8DA2 /* CoreGraphics.framework */ = {isa = PBXFileReference; lastKnownFileType = wrapper.framework; name = CoreGraphics.framework; path = System/Library/Frameworks/CoreGraphics.framework; sourceTree = SDKROOT; };
		4C4ED44614111CED00BE8DA2 /* BarCamp-Info.plist */ = {isa = PBXFileReference; lastKnownFileType = text.plist.xml; path = "BarCamp-Info.plist"; sourceTree = "<group>"; };
		4C4ED44814111CED00BE8DA2 /* en */ = {isa = PBXFileReference; lastKnownFileType = text.plist.strings; name = en; path = en.lproj/InfoPlist.strings; sourceTree = "<group>"; };
		4C4ED44A14111CED00BE8DA2 /* main.m */ = {isa = PBXFileReference; lastKnownFileType = sourcecode.c.objc; path = main.m; sourceTree = "<group>"; };
		4C4ED44C14111CED00BE8DA2 /* BarCamp-Prefix.pch */ = {isa = PBXFileReference; lastKnownFileType = sourcecode.c.h; path = "BarCamp-Prefix.pch"; sourceTree = "<group>"; };
		4C4ED44D14111CED00BE8DA2 /* BarCampAppDelegate.h */ = {isa = PBXFileReference; lastKnownFileType = sourcecode.c.h; path = BarCampAppDelegate.h; sourceTree = "<group>"; };
		4C4ED44E14111CED00BE8DA2 /* BarCampAppDelegate.m */ = {isa = PBXFileReference; lastKnownFileType = sourcecode.c.objc; path = BarCampAppDelegate.m; sourceTree = "<group>"; };
		4C4ED45114111CEE00BE8DA2 /* en */ = {isa = PBXFileReference; lastKnownFileType = file.xib; name = en; path = en.lproj/MainWindow.xib; sourceTree = "<group>"; };
		4C4ED45314111CEE00BE8DA2 /* FirstViewController.h */ = {isa = PBXFileReference; lastKnownFileType = sourcecode.c.h; path = FirstViewController.h; sourceTree = "<group>"; };
		4C4ED45414111CEE00BE8DA2 /* FirstViewController.m */ = {isa = PBXFileReference; lastKnownFileType = sourcecode.c.objc; path = FirstViewController.m; sourceTree = "<group>"; };
		4C4ED45614111CEE00BE8DA2 /* SecondViewController.h */ = {isa = PBXFileReference; lastKnownFileType = sourcecode.c.h; path = SecondViewController.h; sourceTree = "<group>"; };
		4C4ED45714111CEE00BE8DA2 /* SecondViewController.m */ = {isa = PBXFileReference; lastKnownFileType = sourcecode.c.objc; path = SecondViewController.m; sourceTree = "<group>"; };
		4C4ED45A14111CEE00BE8DA2 /* en */ = {isa = PBXFileReference; lastKnownFileType = file.xib; name = en; path = en.lproj/FirstView.xib; sourceTree = "<group>"; };
		4C4ED45D14111CEE00BE8DA2 /* en */ = {isa = PBXFileReference; lastKnownFileType = file.xib; name = en; path = en.lproj/SecondView.xib; sourceTree = "<group>"; };
/* End PBXFileReference section */

/* Begin PBXFrameworksBuildPhase section */
		4C4ED43714111CED00BE8DA2 /* Frameworks */ = {
			isa = PBXFrameworksBuildPhase;
			buildActionMask = 2147483647;
			files = (
				4C4ED43F14111CED00BE8DA2 /* UIKit.framework in Frameworks */,
				4C4ED44114111CED00BE8DA2 /* Foundation.framework in Frameworks */,
				4C4ED44314111CED00BE8DA2 /* CoreGraphics.framework in Frameworks */,
			);
			runOnlyForDeploymentPostprocessing = 0;
		};
/* End PBXFrameworksBuildPhase section */

/* Begin PBXGroup section */
		4C4ED42F14111CED00BE8DA2 = {
			isa = PBXGroup;
			children = (
				4C4ED44414111CED00BE8DA2 /* BarCamp */,
				4C4ED43D14111CED00BE8DA2 /* Frameworks */,
				4C4ED43B14111CED00BE8DA2 /* Products */,
			);
			sourceTree = "<group>";
		};
		4C4ED43B14111CED00BE8DA2 /* Products */ = {
			isa = PBXGroup;
			children = (
				4C4ED43A14111CED00BE8DA2 /* BarCamp.app */,
			);
			name = Products;
			sourceTree = "<group>";
		};
		4C4ED43D14111CED00BE8DA2 /* Frameworks */ = {
			isa = PBXGroup;
			children = (
				4C4ED43E14111CED00BE8DA2 /* UIKit.framework */,
				4C4ED44014111CED00BE8DA2 /* Foundation.framework */,
				4C4ED44214111CED00BE8DA2 /* CoreGraphics.framework */,
			);
			name = Frameworks;
			sourceTree = "<group>";
		};
		4C4ED44414111CED00BE8DA2 /* BarCamp */ = {
			isa = PBXGroup;
			children = (
				4C4ED44D14111CED00BE8DA2 /* BarCampAppDelegate.h */,
				4C4ED44E14111CED00BE8DA2 /* BarCampAppDelegate.m */,
				4C4ED45014111CEE00BE8DA2 /* MainWindow.xib */,
				4C4ED45314111CEE00BE8DA2 /* FirstViewController.h */,
				4C4ED45414111CEE00BE8DA2 /* FirstViewController.m */,
				4C4ED45614111CEE00BE8DA2 /* SecondViewController.h */,
				4C4ED45714111CEE00BE8DA2 /* SecondViewController.m */,
				4C4ED45914111CEE00BE8DA2 /* FirstView.xib */,
				4C4ED45C14111CEE00BE8DA2 /* SecondView.xib */,
				4C4ED44514111CED00BE8DA2 /* Supporting Files */,
			);
			path = BarCamp;
			sourceTree = "<group>";
		};
		4C4ED44514111CED00BE8DA2 /* Supporting Files */ = {
			isa = PBXGroup;
			children = (
				4C4ED44614111CED00BE8DA2 /* BarCamp-Info.plist */,
				4C4ED44714111CED00BE8DA2 /* InfoPlist.strings */,
				4C4ED44A14111CED00BE8DA2 /* main.m */,
				4C4ED44C14111CED00BE8DA2 /* BarCamp-Prefix.pch */,
			);
			name = "Supporting Files";
			sourceTree = "<group>";
		};
/* End PBXGroup section */

/* Begin PBXNativeTarget section */
		4C4ED43914111CED00BE8DA2 /* BarCamp */ = {
			isa = PBXNativeTarget;
			buildConfigurationList = 4C4ED46114111CEE00BE8DA2 /* Build configuration list for PBXNativeTarget "BarCamp" */;
			buildPhases = (
				4C4ED43614111CED00BE8DA2 /* Sources */,
				4C4ED43714111CED00BE8DA2 /* Frameworks */,
				4C4ED43814111CED00BE8DA2 /* Resources */,
			);
			buildRules = (
			);
			dependencies = (
			);
			name = BarCamp;
			productName = BarCamp;
			productReference = 4C4ED43A14111CED00BE8DA2 /* BarCamp.app */;
			productType = "com.apple.product-type.application";
		};
/* End PBXNativeTarget section */

/* Begin PBXProject section */
		4C4ED43114111CED00BE8DA2 /* Project object */ = {
			isa = PBXProject;
			buildConfigurationList = 4C4ED43414111CED00BE8DA2 /* Build configuration list for PBXProject "BarCamp" */;
			compatibilityVersion = "Xcode 3.2";
			developmentRegion = English;
			hasScannedForEncodings = 0;
			knownRegions = (
				en,
			);
			mainGroup = 4C4ED42F14111CED00BE8DA2;
			productRefGroup = 4C4ED43B14111CED00BE8DA2 /* Products */;
			projectDirPath = "";
			projectRoot = "";
			targets = (
				4C4ED43914111CED00BE8DA2 /* BarCamp */,
			);
		};
/* End PBXProject section */

/* Begin PBXResourcesBuildPhase section */
		4C4ED43814111CED00BE8DA2 /* Resources */ = {
			isa = PBXResourcesBuildPhase;
			buildActionMask = 2147483647;
			files = (
				4C4ED44914111CED00BE8DA2 /* InfoPlist.strings in Resources */,
				4C4ED45214111CEE00BE8DA2 /* MainWindow.xib in Resources */,
				4C4ED45B14111CEE00BE8DA2 /* FirstView.xib in Resources */,
				4C4ED45E14111CEE00BE8DA2 /* SecondView.xib in Resources */,
			);
			runOnlyForDeploymentPostprocessing = 0;
		};
/* End PBXResourcesBuildPhase section */

/* Begin PBXSourcesBuildPhase section */
		4C4ED43614111CED00BE8DA2 /* Sources */ = {
			isa = PBXSourcesBuildPhase;
			buildActionMask = 2147483647;
			files = (
				4C4ED44B14111CED00BE8DA2 /* main.m in Sources */,
				4C4ED44F14111CED00BE8DA2 /* BarCampAppDelegate.m in Sources */,
				4C4ED45514111CEE00BE8DA2 /* FirstViewController.m in Sources */,
				4C4ED45814111CEE00BE8DA2 /* SecondViewController.m in Sources */,
			);
			runOnlyForDeploymentPostprocessing = 0;
		};
/* End PBXSourcesBuildPhase section */

/* Begin PBXVariantGroup section */
		4C4ED44714111CED00BE8DA2 /* InfoPlist.strings */ = {
			isa = PBXVariantGroup;
			children = (
				4C4ED44814111CED00BE8DA2 /* en */,
			);
			name = InfoPlist.strings;
			sourceTree = "<group>";
		};
		4C4ED45014111CEE00BE8DA2 /* MainWindow.xib */ = {
			isa = PBXVariantGroup;
			children = (
				4C4ED45114111CEE00BE8DA2 /* en */,
			);
			name = MainWindow.xib;
			sourceTree = "<group>";
		};
		4C4ED45914111CEE00BE8DA2 /* FirstView.xib */ = {
			isa = PBXVariantGroup;
			children = (
				4C4ED45A14111CEE00BE8DA2 /* en */,
			);
			name = FirstView.xib;
			sourceTree = "<group>";
		};
		4C4ED45C14111CEE00BE8DA2 /* SecondView.xib */ = {
			isa = PBXVariantGroup;
			children = (
				4C4ED45D14111CEE00BE8DA2 /* en */,
			);
			name = SecondView.xib;
			sourceTree = "<group>";
		};
/* End PBXVariantGroup section */

/* Begin XCBuildConfiguration section */
		4C4ED45F14111CEE00BE8DA2 /* Debug */ = {
			isa = XCBuildConfiguration;
			buildSettings = {
				ALWAYS_SEARCH_USER_PATHS = NO;
				ARCHS = "$(ARCHS_STANDARD_32_BIT)";
				"CODE_SIGN_IDENTITY[sdk=iphoneos*]" = "iPhone Developer";
				COPY_PHASE_STRIP = NO;
				GCC_C_LANGUAGE_STANDARD = gnu99;
				GCC_DYNAMIC_NO_PIC = NO;
				GCC_OPTIMIZATION_LEVEL = 0;
				GCC_PREPROCESSOR_DEFINITIONS = (
					"DEBUG=1",
					"$(inherited)",
				);
				GCC_SYMBOLS_PRIVATE_EXTERN = NO;
				GCC_VERSION = com.apple.compilers.llvmgcc42;
				GCC_WARN_ABOUT_MISSING_PROTOTYPES = YES;
				GCC_WARN_ABOUT_RETURN_TYPE = YES;
				GCC_WARN_UNUSED_VARIABLE = YES;
				IPHONEOS_DEPLOYMENT_TARGET = 4.3;
				SDKROOT = iphoneos;
			};
			name = Debug;
		};
		4C4ED46014111CEE00BE8DA2 /* Release */ = {
			isa = XCBuildConfiguration;
			buildSettings = {
				ALWAYS_SEARCH_USER_PATHS = NO;
				ARCHS = "$(ARCHS_STANDARD_32_BIT)";
				"CODE_SIGN_IDENTITY[sdk=iphoneos*]" = "iPhone Developer";
				COPY_PHASE_STRIP = YES;
				GCC_C_LANGUAGE_STANDARD = gnu99;
				GCC_VERSION = com.apple.compilers.llvmgcc42;
				GCC_WARN_ABOUT_MISSING_PROTOTYPES = YES;
				GCC_WARN_ABOUT_RETURN_TYPE = YES;
				GCC_WARN_UNUSED_VARIABLE = YES;
				IPHONEOS_DEPLOYMENT_TARGET = 4.3;
				OTHER_CFLAGS = "-DNS_BLOCK_ASSERTIONS=1";
				SDKROOT = iphoneos;
				VALIDATE_PRODUCT = YES;
			};
			name = Release;
		};
		4C4ED46214111CEE00BE8DA2 /* Debug */ = {
			isa = XCBuildConfiguration;
			buildSettings = {
				GCC_PRECOMPILE_PREFIX_HEADER = YES;
				GCC_PREFIX_HEADER = "BarCamp/BarCamp-Prefix.pch";
				INFOPLIST_FILE = "BarCamp/BarCamp-Info.plist";
				PRODUCT_NAME = "$(TARGET_NAME)";
				WRAPPER_EXTENSION = app;
			};
			name = Debug;
		};
		4C4ED46314111CEE00BE8DA2 /* Release */ = {
			isa = XCBuildConfiguration;
			buildSettings = {
				GCC_PRECOMPILE_PREFIX_HEADER = YES;
				GCC_PREFIX_HEADER = "BarCamp/BarCamp-Prefix.pch";
				INFOPLIST_FILE = "BarCamp/BarCamp-Info.plist";
				PRODUCT_NAME = "$(TARGET_NAME)";
				WRAPPER_EXTENSION = app;
			};
			name = Release;
		};
/* End XCBuildConfiguration section */

/* Begin XCConfigurationList section */
		4C4ED43414111CED00BE8DA2 /* Build configuration list for PBXProject "BarCamp" */ = {
			isa = XCConfigurationList;
			buildConfigurations = (
				4C4ED45F14111CEE00BE8DA2 /* Debug */,
				4C4ED46014111CEE00BE8DA2 /* Release */,
			);
			defaultConfigurationIsVisible = 0;
			defaultConfigurationName = Release;
		};
		4C4ED46114111CEE00BE8DA2 /* Build configuration list for PBXNativeTarget "BarCamp" */ = {
			isa = XCConfigurationList;
			buildConfigurations = (
				4C4ED46214111CEE00BE8DA2 /* Debug */,
				4C4ED46314111CEE00BE8DA2 /* Release */,
			);
			defaultConfigurationIsVisible = 0;
		};
/* End XCConfigurationList section */
	};
	rootObject = 4C4ED43114111CED00BE8DA2 /* Project object */;
}
