// !$*UTF8*$!
{
	archiveVersion = 1;
	classes = {
	};
	objectVersion = 46;
	objects = {

/* Begin PBXBuildFile section */
		4C4ED43F14111CED00BE8DA2 /* UIKit.framework in Frameworks */ = {isa = PBXBuildFile; fileRef = 4C4ED43E14111CED00BE8DA2 /* UIKit.framework */; };
		4C4ED44114111CED00BE8DA2 /* Foundation.framework in Frameworks */ = {isa = PBXBuildFile; fileRef = 4C4ED44014111CED00BE8DA2 /* Foundation.framework */; };
		4C4ED44314111CED00BE8DA2 /* CoreGraphics.framework in Frameworks */ = {isa = PBXBuildFile; fileRef = 4C4ED44214111CED00BE8DA2 /* CoreGraphics.framework */; };
		4C4ED44914111CED00BE8DA2 /* InfoPlist.strings in Resources */ = {isa = PBXBuildFile; fileRef = 4C4ED44714111CED00BE8DA2 /* InfoPlist.strings */; };
		4C4ED44B14111CED00BE8DA2 /* main.m in Sources */ = {isa = PBXBuildFile; fileRef = 4C4ED44A14111CED00BE8DA2 /* main.m */; };
		4C4ED44F14111CED00BE8DA2 /* BarCampAppDelegate.m in Sources */ = {isa = PBXBuildFile; fileRef = 4C4ED44E14111CED00BE8DA2 /* BarCampAppDelegate.m */; };
		4C4ED45214111CEE00BE8DA2 /* MainWindow.xib in Resources */ = {isa = PBXBuildFile; fileRef = 4C4ED45014111CEE00BE8DA2 /* MainWindow.xib */; };
		4C4ED46514111DED00BE8DA2 /* money.png in Resources */ = {isa = PBXBuildFile; fileRef = 4C4ED46414111DED00BE8DA2 /* money.png */; };
		4C4ED46714111DFF00BE8DA2 /* calendar.png in Resources */ = {isa = PBXBuildFile; fileRef = 4C4ED46614111DFF00BE8DA2 /* calendar.png */; };
		4C4ED46A14111E9200BE8DA2 /* twitter_newbird_white.png in Resources */ = {isa = PBXBuildFile; fileRef = 4C4ED46914111E9200BE8DA2 /* twitter_newbird_white.png */; };
		4C4ED47014111FD400BE8DA2 /* BCWebViewController.m in Sources */ = {isa = PBXBuildFile; fileRef = 4C4ED46E14111FD300BE8DA2 /* BCWebViewController.m */; };
		4C4ED47114111FD400BE8DA2 /* BCWebViewController.xib in Resources */ = {isa = PBXBuildFile; fileRef = 4C4ED46F14111FD400BE8DA2 /* BCWebViewController.xib */; };
		4C4ED4751411201500BE8DA2 /* TwitterViewController.m in Sources */ = {isa = PBXBuildFile; fileRef = 4C4ED4731411201500BE8DA2 /* TwitterViewController.m */; };
		4C4ED4761411201500BE8DA2 /* TwitterViewController.xib in Resources */ = {isa = PBXBuildFile; fileRef = 4C4ED4741411201500BE8DA2 /* TwitterViewController.xib */; };
		4CCB881C141120ED0066E4A7 /* ASIAuthenticationDialog.m in Sources */ = {isa = PBXBuildFile; fileRef = 4CCB8809141120ED0066E4A7 /* ASIAuthenticationDialog.m */; };
		4CCB881D141120ED0066E4A7 /* ASIDataCompressor.m in Sources */ = {isa = PBXBuildFile; fileRef = 4CCB880C141120ED0066E4A7 /* ASIDataCompressor.m */; };
		4CCB881E141120ED0066E4A7 /* ASIDataDecompressor.m in Sources */ = {isa = PBXBuildFile; fileRef = 4CCB880E141120ED0066E4A7 /* ASIDataDecompressor.m */; };
		4CCB881F141120ED0066E4A7 /* ASIDownloadCache.m in Sources */ = {isa = PBXBuildFile; fileRef = 4CCB8810141120ED0066E4A7 /* ASIDownloadCache.m */; };
		4CCB8820141120ED0066E4A7 /* ASIFormDataRequest.m in Sources */ = {isa = PBXBuildFile; fileRef = 4CCB8812141120ED0066E4A7 /* ASIFormDataRequest.m */; };
		4CCB8821141120ED0066E4A7 /* ASIHTTPRequest.m in Sources */ = {isa = PBXBuildFile; fileRef = 4CCB8814141120ED0066E4A7 /* ASIHTTPRequest.m */; };
		4CCB8822141120ED0066E4A7 /* ASIInputStream.m in Sources */ = {isa = PBXBuildFile; fileRef = 4CCB8818141120ED0066E4A7 /* ASIInputStream.m */; };
		4CCB8823141120ED0066E4A7 /* ASINetworkQueue.m in Sources */ = {isa = PBXBuildFile; fileRef = 4CCB881A141120ED0066E4A7 /* ASINetworkQueue.m */; };
		4CCB8826141120F90066E4A7 /* Reachability.m in Sources */ = {isa = PBXBuildFile; fileRef = 4CCB8825141120F90066E4A7 /* Reachability.m */; };
		4CCB882C141121330066E4A7 /* CFNetwork.framework in Frameworks */ = {isa = PBXBuildFile; fileRef = 4CCB8827141121330066E4A7 /* CFNetwork.framework */; };
		4CCB882D141121330066E4A7 /* libz.dylib in Frameworks */ = {isa = PBXBuildFile; fileRef = 4CCB8829141121330066E4A7 /* libz.dylib */; };
		4CCB882E141121330066E4A7 /* MobileCoreServices.framework in Frameworks */ = {isa = PBXBuildFile; fileRef = 4CCB882A141121330066E4A7 /* MobileCoreServices.framework */; };
		4CCB882F141121330066E4A7 /* SystemConfiguration.framework in Frameworks */ = {isa = PBXBuildFile; fileRef = 4CCB882B141121330066E4A7 /* SystemConfiguration.framework */; };
/* End PBXBuildFile section */

/* Begin PBXFileReference section */
		4C4ED43A14111CED00BE8DA2 /* BarCamp.app */ = {isa = PBXFileReference; explicitFileType = wrapper.application; includeInIndex = 0; path = BarCamp.app; sourceTree = BUILT_PRODUCTS_DIR; };
		4C4ED43E14111CED00BE8DA2 /* UIKit.framework */ = {isa = PBXFileReference; lastKnownFileType = wrapper.framework; name = UIKit.framework; path = System/Library/Frameworks/UIKit.framework; sourceTree = SDKROOT; };
		4C4ED44014111CED00BE8DA2 /* Foundation.framework */ = {isa = PBXFileReference; lastKnownFileType = wrapper.framework; name = Foundation.framework; path = System/Library/Frameworks/Foundation.framework; sourceTree = SDKROOT; };
		4C4ED44214111CED00BE8DA2 /* CoreGraphics.framework */ = {isa = PBXFileReference; lastKnownFileType = wrapper.framework; name = CoreGraphics.framework; path = System/Library/Frameworks/CoreGraphics.framework; sourceTree = SDKROOT; };
		4C4ED44614111CED00BE8DA2 /* BarCamp-Info.plist */ = {isa = PBXFileReference; lastKnownFileType = text.plist.xml; path = "BarCamp-Info.plist"; sourceTree = "<group>"; };
		4C4ED44814111CED00BE8DA2 /* en */ = {isa = PBXFileReference; lastKnownFileType = text.plist.strings; name = en; path = en.lproj/InfoPlist.strings; sourceTree = "<group>"; };
		4C4ED44A14111CED00BE8DA2 /* main.m */ = {isa = PBXFileReference; lastKnownFileType = sourcecode.c.objc; path = main.m; sourceTree = "<group>"; };
		4C4ED44C14111CED00BE8DA2 /* BarCamp-Prefix.pch */ = {isa = PBXFileReference; lastKnownFileType = sourcecode.c.h; path = "BarCamp-Prefix.pch"; sourceTree = "<group>"; };
		4C4ED44D14111CED00BE8DA2 /* BarCampAppDelegate.h */ = {isa = PBXFileReference; lastKnownFileType = sourcecode.c.h; path = BarCampAppDelegate.h; sourceTree = "<group>"; };
		4C4ED44E14111CED00BE8DA2 /* BarCampAppDelegate.m */ = {isa = PBXFileReference; lastKnownFileType = sourcecode.c.objc; path = BarCampAppDelegate.m; sourceTree = "<group>"; };
		4C4ED45114111CEE00BE8DA2 /* en */ = {isa = PBXFileReference; lastKnownFileType = file.xib; name = en; path = en.lproj/MainWindow.xib; sourceTree = "<group>"; };
		4C4ED46414111DED00BE8DA2 /* money.png */ = {isa = PBXFileReference; lastKnownFileType = image.png; path = money.png; sourceTree = "<group>"; };
		4C4ED46614111DFF00BE8DA2 /* calendar.png */ = {isa = PBXFileReference; lastKnownFileType = image.png; path = calendar.png; sourceTree = "<group>"; };
		4C4ED46914111E9200BE8DA2 /* twitter_newbird_white.png */ = {isa = PBXFileReference; lastKnownFileType = image.png; path = twitter_newbird_white.png; sourceTree = "<group>"; };
		4C4ED46D14111FD300BE8DA2 /* BCWebViewController.h */ = {isa = PBXFileReference; fileEncoding = 4; lastKnownFileType = sourcecode.c.h; path = BCWebViewController.h; sourceTree = "<group>"; };
		4C4ED46E14111FD300BE8DA2 /* BCWebViewController.m */ = {isa = PBXFileReference; fileEncoding = 4; lastKnownFileType = sourcecode.c.objc; path = BCWebViewController.m; sourceTree = "<group>"; };
		4C4ED46F14111FD400BE8DA2 /* BCWebViewController.xib */ = {isa = PBXFileReference; fileEncoding = 4; lastKnownFileType = file.xib; path = BCWebViewController.xib; sourceTree = "<group>"; };
		4C4ED4721411201500BE8DA2 /* TwitterViewController.h */ = {isa = PBXFileReference; fileEncoding = 4; lastKnownFileType = sourcecode.c.h; path = TwitterViewController.h; sourceTree = "<group>"; };
		4C4ED4731411201500BE8DA2 /* TwitterViewController.m */ = {isa = PBXFileReference; fileEncoding = 4; lastKnownFileType = sourcecode.c.objc; path = TwitterViewController.m; sourceTree = "<group>"; };
		4C4ED4741411201500BE8DA2 /* TwitterViewController.xib */ = {isa = PBXFileReference; fileEncoding = 4; lastKnownFileType = file.xib; path = TwitterViewController.xib; sourceTree = "<group>"; };
		4CCB8808141120ED0066E4A7 /* ASIAuthenticationDialog.h */ = {isa = PBXFileReference; fileEncoding = 4; lastKnownFileType = sourcecode.c.h; path = ASIAuthenticationDialog.h; sourceTree = "<group>"; };
		4CCB8809141120ED0066E4A7 /* ASIAuthenticationDialog.m */ = {isa = PBXFileReference; fileEncoding = 4; lastKnownFileType = sourcecode.c.objc; path = ASIAuthenticationDialog.m; sourceTree = "<group>"; };
		4CCB880A141120ED0066E4A7 /* ASICacheDelegate.h */ = {isa = PBXFileReference; fileEncoding = 4; lastKnownFileType = sourcecode.c.h; path = ASICacheDelegate.h; sourceTree = "<group>"; };
		4CCB880B141120ED0066E4A7 /* ASIDataCompressor.h */ = {isa = PBXFileReference; fileEncoding = 4; lastKnownFileType = sourcecode.c.h; path = ASIDataCompressor.h; sourceTree = "<group>"; };
		4CCB880C141120ED0066E4A7 /* ASIDataCompressor.m */ = {isa = PBXFileReference; fileEncoding = 4; lastKnownFileType = sourcecode.c.objc; path = ASIDataCompressor.m; sourceTree = "<group>"; };
		4CCB880D141120ED0066E4A7 /* ASIDataDecompressor.h */ = {isa = PBXFileReference; fileEncoding = 4; lastKnownFileType = sourcecode.c.h; path = ASIDataDecompressor.h; sourceTree = "<group>"; };
		4CCB880E141120ED0066E4A7 /* ASIDataDecompressor.m */ = {isa = PBXFileReference; fileEncoding = 4; lastKnownFileType = sourcecode.c.objc; path = ASIDataDecompressor.m; sourceTree = "<group>"; };
		4CCB880F141120ED0066E4A7 /* ASIDownloadCache.h */ = {isa = PBXFileReference; fileEncoding = 4; lastKnownFileType = sourcecode.c.h; path = ASIDownloadCache.h; sourceTree = "<group>"; };
		4CCB8810141120ED0066E4A7 /* ASIDownloadCache.m */ = {isa = PBXFileReference; fileEncoding = 4; lastKnownFileType = sourcecode.c.objc; path = ASIDownloadCache.m; sourceTree = "<group>"; };
		4CCB8811141120ED0066E4A7 /* ASIFormDataRequest.h */ = {isa = PBXFileReference; fileEncoding = 4; lastKnownFileType = sourcecode.c.h; path = ASIFormDataRequest.h; sourceTree = "<group>"; };
		4CCB8812141120ED0066E4A7 /* ASIFormDataRequest.m */ = {isa = PBXFileReference; fileEncoding = 4; lastKnownFileType = sourcecode.c.objc; path = ASIFormDataRequest.m; sourceTree = "<group>"; };
		4CCB8813141120ED0066E4A7 /* ASIHTTPRequest.h */ = {isa = PBXFileReference; fileEncoding = 4; lastKnownFileType = sourcecode.c.h; path = ASIHTTPRequest.h; sourceTree = "<group>"; };
		4CCB8814141120ED0066E4A7 /* ASIHTTPRequest.m */ = {isa = PBXFileReference; fileEncoding = 4; lastKnownFileType = sourcecode.c.objc; path = ASIHTTPRequest.m; sourceTree = "<group>"; };
		4CCB8815141120ED0066E4A7 /* ASIHTTPRequestConfig.h */ = {isa = PBXFileReference; fileEncoding = 4; lastKnownFileType = sourcecode.c.h; path = ASIHTTPRequestConfig.h; sourceTree = "<group>"; };
		4CCB8816141120ED0066E4A7 /* ASIHTTPRequestDelegate.h */ = {isa = PBXFileReference; fileEncoding = 4; lastKnownFileType = sourcecode.c.h; path = ASIHTTPRequestDelegate.h; sourceTree = "<group>"; };
		4CCB8817141120ED0066E4A7 /* ASIInputStream.h */ = {isa = PBXFileReference; fileEncoding = 4; lastKnownFileType = sourcecode.c.h; path = ASIInputStream.h; sourceTree = "<group>"; };
		4CCB8818141120ED0066E4A7 /* ASIInputStream.m */ = {isa = PBXFileReference; fileEncoding = 4; lastKnownFileType = sourcecode.c.objc; path = ASIInputStream.m; sourceTree = "<group>"; };
		4CCB8819141120ED0066E4A7 /* ASINetworkQueue.h */ = {isa = PBXFileReference; fileEncoding = 4; lastKnownFileType = sourcecode.c.h; path = ASINetworkQueue.h; sourceTree = "<group>"; };
		4CCB881A141120ED0066E4A7 /* ASINetworkQueue.m */ = {isa = PBXFileReference; fileEncoding = 4; lastKnownFileType = sourcecode.c.objc; path = ASINetworkQueue.m; sourceTree = "<group>"; };
		4CCB881B141120ED0066E4A7 /* ASIProgressDelegate.h */ = {isa = PBXFileReference; fileEncoding = 4; lastKnownFileType = sourcecode.c.h; path = ASIProgressDelegate.h; sourceTree = "<group>"; };
		4CCB8824141120F90066E4A7 /* Reachability.h */ = {isa = PBXFileReference; fileEncoding = 4; lastKnownFileType = sourcecode.c.h; path = Reachability.h; sourceTree = "<group>"; };
		4CCB8825141120F90066E4A7 /* Reachability.m */ = {isa = PBXFileReference; fileEncoding = 4; lastKnownFileType = sourcecode.c.objc; path = Reachability.m; sourceTree = "<group>"; };
		4CCB8827141121330066E4A7 /* CFNetwork.framework */ = {isa = PBXFileReference; lastKnownFileType = wrapper.framework; name = CFNetwork.framework; path = System/Library/Frameworks/CFNetwork.framework; sourceTree = SDKROOT; };
		4CCB8828141121330066E4A7 /* CoreGraphics.framework */ = {isa = PBXFileReference; lastKnownFileType = wrapper.framework; name = CoreGraphics.framework; path = System/Library/Frameworks/CoreGraphics.framework; sourceTree = SDKROOT; };
		4CCB8829141121330066E4A7 /* libz.dylib */ = {isa = PBXFileReference; lastKnownFileType = "compiled.mach-o.dylib"; name = libz.dylib; path = usr/lib/libz.dylib; sourceTree = SDKROOT; };
		4CCB882A141121330066E4A7 /* MobileCoreServices.framework */ = {isa = PBXFileReference; lastKnownFileType = wrapper.framework; name = MobileCoreServices.framework; path = System/Library/Frameworks/MobileCoreServices.framework; sourceTree = SDKROOT; };
		4CCB882B141121330066E4A7 /* SystemConfiguration.framework */ = {isa = PBXFileReference; lastKnownFileType = wrapper.framework; name = SystemConfiguration.framework; path = System/Library/Frameworks/SystemConfiguration.framework; sourceTree = SDKROOT; };
/* End PBXFileReference section */

/* Begin PBXFrameworksBuildPhase section */
		4C4ED43714111CED00BE8DA2 /* Frameworks */ = {
			isa = PBXFrameworksBuildPhase;
			buildActionMask = 2147483647;
			files = (
				4CCB882C141121330066E4A7 /* CFNetwork.framework in Frameworks */,
				4C4ED44314111CED00BE8DA2 /* CoreGraphics.framework in Frameworks */,
				4CCB882D141121330066E4A7 /* libz.dylib in Frameworks */,
				4CCB882E141121330066E4A7 /* MobileCoreServices.framework in Frameworks */,
				4CCB882F141121330066E4A7 /* SystemConfiguration.framework in Frameworks */,
				4C4ED43F14111CED00BE8DA2 /* UIKit.framework in Frameworks */,
				4C4ED44114111CED00BE8DA2 /* Foundation.framework in Frameworks */,
			);
			runOnlyForDeploymentPostprocessing = 0;
		};
/* End PBXFrameworksBuildPhase section */

/* Begin PBXGroup section */
		4C4ED42F14111CED00BE8DA2 = {
			isa = PBXGroup;
			children = (
				4CCB882B141121330066E4A7 /* SystemConfiguration.framework */,
				4C4ED44414111CED00BE8DA2 /* BarCamp */,
				4C4ED43D14111CED00BE8DA2 /* Frameworks */,
				4C4ED43B14111CED00BE8DA2 /* Products */,
			);
			sourceTree = "<group>";
		};
		4C4ED43B14111CED00BE8DA2 /* Products */ = {
			isa = PBXGroup;
			children = (
				4C4ED43A14111CED00BE8DA2 /* BarCamp.app */,
			);
			name = Products;
			sourceTree = "<group>";
		};
		4C4ED43D14111CED00BE8DA2 /* Frameworks */ = {
			isa = PBXGroup;
			children = (
				4CCB8827141121330066E4A7 /* CFNetwork.framework */,
				4CCB8828141121330066E4A7 /* CoreGraphics.framework */,
				4CCB8829141121330066E4A7 /* libz.dylib */,
				4CCB882A141121330066E4A7 /* MobileCoreServices.framework */,
				4C4ED43E14111CED00BE8DA2 /* UIKit.framework */,
				4C4ED44014111CED00BE8DA2 /* Foundation.framework */,
				4C4ED44214111CED00BE8DA2 /* CoreGraphics.framework */,
			);
			name = Frameworks;
			sourceTree = "<group>";
		};
		4C4ED44414111CED00BE8DA2 /* BarCamp */ = {
			isa = PBXGroup;
			children = (
				4C4ED44D14111CED00BE8DA2 /* BarCampAppDelegate.h */,
				4C4ED44E14111CED00BE8DA2 /* BarCampAppDelegate.m */,
				4C4ED46D14111FD300BE8DA2 /* BCWebViewController.h */,
				4C4ED46E14111FD300BE8DA2 /* BCWebViewController.m */,
				4C4ED46F14111FD400BE8DA2 /* BCWebViewController.xib */,
				4C4ED45014111CEE00BE8DA2 /* MainWindow.xib */,
				4C4ED4721411201500BE8DA2 /* TwitterViewController.h */,
				4C4ED4731411201500BE8DA2 /* TwitterViewController.m */,
				4C4ED4741411201500BE8DA2 /* TwitterViewController.xib */,
				4C4ED44514111CED00BE8DA2 /* Supporting Files */,
			);
			path = BarCamp;
			sourceTree = "<group>";
		};
		4C4ED44514111CED00BE8DA2 /* Supporting Files */ = {
			isa = PBXGroup;
			children = (
				4C4ED4771411204300BE8DA2 /* External */,
				4C4ED46814111E0700BE8DA2 /* Images */,
				4C4ED44614111CED00BE8DA2 /* BarCamp-Info.plist */,
				4C4ED44714111CED00BE8DA2 /* InfoPlist.strings */,
				4C4ED44A14111CED00BE8DA2 /* main.m */,
				4C4ED44C14111CED00BE8DA2 /* BarCamp-Prefix.pch */,
			);
			name = "Supporting Files";
			sourceTree = "<group>";
		};
		4C4ED46814111E0700BE8DA2 /* Images */ = {
			isa = PBXGroup;
			children = (
				4C4ED46914111E9200BE8DA2 /* twitter_newbird_white.png */,
				4C4ED46614111DFF00BE8DA2 /* calendar.png */,
				4C4ED46414111DED00BE8DA2 /* money.png */,
			);
			name = Images;
			sourceTree = "<group>";
		};
		4C4ED4771411204300BE8DA2 /* External */ = {
			isa = PBXGroup;
			children = (
				4CCB8806141120DD0066E4A7 /* ASIHttpRequest */,
			);
			name = External;
			sourceTree = "<group>";
		};
		4CCB8806141120DD0066E4A7 /* ASIHttpRequest */ = {
			isa = PBXGroup;
			children = (
				4CCB8808141120ED0066E4A7 /* ASIAuthenticationDialog.h */,
				4CCB8809141120ED0066E4A7 /* ASIAuthenticationDialog.m */,
				4CCB880A141120ED0066E4A7 /* ASICacheDelegate.h */,
				4CCB880B141120ED0066E4A7 /* ASIDataCompressor.h */,
				4CCB880C141120ED0066E4A7 /* ASIDataCompressor.m */,
				4CCB880D141120ED0066E4A7 /* ASIDataDecompressor.h */,
				4CCB880E141120ED0066E4A7 /* ASIDataDecompressor.m */,
				4CCB880F141120ED0066E4A7 /* ASIDownloadCache.h */,
				4CCB8810141120ED0066E4A7 /* ASIDownloadCache.m */,
				4CCB8811141120ED0066E4A7 /* ASIFormDataRequest.h */,
				4CCB8812141120ED0066E4A7 /* ASIFormDataRequest.m */,
				4CCB8813141120ED0066E4A7 /* ASIHTTPRequest.h */,
				4CCB8814141120ED0066E4A7 /* ASIHTTPRequest.m */,
				4CCB8815141120ED0066E4A7 /* ASIHTTPRequestConfig.h */,
				4CCB8816141120ED0066E4A7 /* ASIHTTPRequestDelegate.h */,
				4CCB8817141120ED0066E4A7 /* ASIInputStream.h */,
				4CCB8818141120ED0066E4A7 /* ASIInputStream.m */,
				4CCB8819141120ED0066E4A7 /* ASINetworkQueue.h */,
				4CCB881A141120ED0066E4A7 /* ASINetworkQueue.m */,
				4CCB881B141120ED0066E4A7 /* ASIProgressDelegate.h */,
				4CCB8824141120F90066E4A7 /* Reachability.h */,
				4CCB8825141120F90066E4A7 /* Reachability.m */,
			);
			name = ASIHttpRequest;
			sourceTree = "<group>";
		};
/* End PBXGroup section */

/* Begin PBXNativeTarget section */
		4C4ED43914111CED00BE8DA2 /* BarCamp */ = {
			isa = PBXNativeTarget;
			buildConfigurationList = 4C4ED46114111CEE00BE8DA2 /* Build configuration list for PBXNativeTarget "BarCamp" */;
			buildPhases = (
				4C4ED43614111CED00BE8DA2 /* Sources */,
				4C4ED43714111CED00BE8DA2 /* Frameworks */,
				4C4ED43814111CED00BE8DA2 /* Resources */,
			);
			buildRules = (
			);
			dependencies = (
			);
			name = BarCamp;
			productName = BarCamp;
			productReference = 4C4ED43A14111CED00BE8DA2 /* BarCamp.app */;
			productType = "com.apple.product-type.application";
		};
/* End PBXNativeTarget section */

/* Begin PBXProject section */
		4C4ED43114111CED00BE8DA2 /* Project object */ = {
			isa = PBXProject;
			buildConfigurationList = 4C4ED43414111CED00BE8DA2 /* Build configuration list for PBXProject "BarCamp" */;
			compatibilityVersion = "Xcode 3.2";
			developmentRegion = English;
			hasScannedForEncodings = 0;
			knownRegions = (
				en,
			);
			mainGroup = 4C4ED42F14111CED00BE8DA2;
			productRefGroup = 4C4ED43B14111CED00BE8DA2 /* Products */;
			projectDirPath = "";
			projectRoot = "";
			targets = (
				4C4ED43914111CED00BE8DA2 /* BarCamp */,
			);
		};
/* End PBXProject section */

/* Begin PBXResourcesBuildPhase section */
		4C4ED43814111CED00BE8DA2 /* Resources */ = {
			isa = PBXResourcesBuildPhase;
			buildActionMask = 2147483647;
			files = (
				4C4ED44914111CED00BE8DA2 /* InfoPlist.strings in Resources */,
				4C4ED45214111CEE00BE8DA2 /* MainWindow.xib in Resources */,
				4C4ED46514111DED00BE8DA2 /* money.png in Resources */,
				4C4ED46714111DFF00BE8DA2 /* calendar.png in Resources */,
				4C4ED46A14111E9200BE8DA2 /* twitter_newbird_white.png in Resources */,
				4C4ED47114111FD400BE8DA2 /* BCWebViewController.xib in Resources */,
				4C4ED4761411201500BE8DA2 /* TwitterViewController.xib in Resources */,
			);
			runOnlyForDeploymentPostprocessing = 0;
		};
/* End PBXResourcesBuildPhase section */

/* Begin PBXSourcesBuildPhase section */
		4C4ED43614111CED00BE8DA2 /* Sources */ = {
			isa = PBXSourcesBuildPhase;
			buildActionMask = 2147483647;
			files = (
				4C4ED44B14111CED00BE8DA2 /* main.m in Sources */,
				4C4ED44F14111CED00BE8DA2 /* BarCampAppDelegate.m in Sources */,
				4C4ED47014111FD400BE8DA2 /* BCWebViewController.m in Sources */,
				4C4ED4751411201500BE8DA2 /* TwitterViewController.m in Sources */,
				4CCB881C141120ED0066E4A7 /* ASIAuthenticationDialog.m in Sources */,
				4CCB881D141120ED0066E4A7 /* ASIDataCompressor.m in Sources */,
				4CCB881E141120ED0066E4A7 /* ASIDataDecompressor.m in Sources */,
				4CCB881F141120ED0066E4A7 /* ASIDownloadCache.m in Sources */,
				4CCB8820141120ED0066E4A7 /* ASIFormDataRequest.m in Sources */,
				4CCB8821141120ED0066E4A7 /* ASIHTTPRequest.m in Sources */,
				4CCB8822141120ED0066E4A7 /* ASIInputStream.m in Sources */,
				4CCB8823141120ED0066E4A7 /* ASINetworkQueue.m in Sources */,
				4CCB8826141120F90066E4A7 /* Reachability.m in Sources */,
			);
			runOnlyForDeploymentPostprocessing = 0;
		};
/* End PBXSourcesBuildPhase section */

/* Begin PBXVariantGroup section */
		4C4ED44714111CED00BE8DA2 /* InfoPlist.strings */ = {
			isa = PBXVariantGroup;
			children = (
				4C4ED44814111CED00BE8DA2 /* en */,
			);
			name = InfoPlist.strings;
			sourceTree = "<group>";
		};
		4C4ED45014111CEE00BE8DA2 /* MainWindow.xib */ = {
			isa = PBXVariantGroup;
			children = (
				4C4ED45114111CEE00BE8DA2 /* en */,
			);
			name = MainWindow.xib;
			sourceTree = "<group>";
		};
/* End PBXVariantGroup section */

/* Begin XCBuildConfiguration section */
		4C4ED45F14111CEE00BE8DA2 /* Debug */ = {
			isa = XCBuildConfiguration;
			buildSettings = {
				ALWAYS_SEARCH_USER_PATHS = NO;
				ARCHS = "$(ARCHS_STANDARD_32_BIT)";
				"CODE_SIGN_IDENTITY[sdk=iphoneos*]" = "iPhone Developer";
				COPY_PHASE_STRIP = NO;
				GCC_C_LANGUAGE_STANDARD = gnu99;
				GCC_DYNAMIC_NO_PIC = NO;
				GCC_OPTIMIZATION_LEVEL = 0;
				GCC_PREPROCESSOR_DEFINITIONS = (
					"DEBUG=1",
					"$(inherited)",
				);
				GCC_SYMBOLS_PRIVATE_EXTERN = NO;
				GCC_VERSION = com.apple.compilers.llvmgcc42;
				GCC_WARN_ABOUT_MISSING_PROTOTYPES = YES;
				GCC_WARN_ABOUT_RETURN_TYPE = YES;
				GCC_WARN_UNUSED_VARIABLE = YES;
				IPHONEOS_DEPLOYMENT_TARGET = 4.3;
				SDKROOT = iphoneos;
			};
			name = Debug;
		};
		4C4ED46014111CEE00BE8DA2 /* Release */ = {
			isa = XCBuildConfiguration;
			buildSettings = {
				ALWAYS_SEARCH_USER_PATHS = NO;
				ARCHS = "$(ARCHS_STANDARD_32_BIT)";
				"CODE_SIGN_IDENTITY[sdk=iphoneos*]" = "iPhone Developer";
				COPY_PHASE_STRIP = YES;
				GCC_C_LANGUAGE_STANDARD = gnu99;
				GCC_VERSION = com.apple.compilers.llvmgcc42;
				GCC_WARN_ABOUT_MISSING_PROTOTYPES = YES;
				GCC_WARN_ABOUT_RETURN_TYPE = YES;
				GCC_WARN_UNUSED_VARIABLE = YES;
				IPHONEOS_DEPLOYMENT_TARGET = 4.3;
				OTHER_CFLAGS = "-DNS_BLOCK_ASSERTIONS=1";
				SDKROOT = iphoneos;
				VALIDATE_PRODUCT = YES;
			};
			name = Release;
		};
		4C4ED46214111CEE00BE8DA2 /* Debug */ = {
			isa = XCBuildConfiguration;
			buildSettings = {
				GCC_PRECOMPILE_PREFIX_HEADER = YES;
				GCC_PREFIX_HEADER = "BarCamp/BarCamp-Prefix.pch";
				INFOPLIST_FILE = "BarCamp/BarCamp-Info.plist";
				IPHONEOS_DEPLOYMENT_TARGET = 3.1.3;
				PRODUCT_NAME = "$(TARGET_NAME)";
				WRAPPER_EXTENSION = app;
			};
			name = Debug;
		};
		4C4ED46314111CEE00BE8DA2 /* Release */ = {
			isa = XCBuildConfiguration;
			buildSettings = {
				GCC_PRECOMPILE_PREFIX_HEADER = YES;
				GCC_PREFIX_HEADER = "BarCamp/BarCamp-Prefix.pch";
				INFOPLIST_FILE = "BarCamp/BarCamp-Info.plist";
				IPHONEOS_DEPLOYMENT_TARGET = 3.1.3;
				PRODUCT_NAME = "$(TARGET_NAME)";
				WRAPPER_EXTENSION = app;
			};
			name = Release;
		};
/* End XCBuildConfiguration section */

/* Begin XCConfigurationList section */
		4C4ED43414111CED00BE8DA2 /* Build configuration list for PBXProject "BarCamp" */ = {
			isa = XCConfigurationList;
			buildConfigurations = (
				4C4ED45F14111CEE00BE8DA2 /* Debug */,
				4C4ED46014111CEE00BE8DA2 /* Release */,
			);
			defaultConfigurationIsVisible = 0;
			defaultConfigurationName = Release;
		};
		4C4ED46114111CEE00BE8DA2 /* Build configuration list for PBXNativeTarget "BarCamp" */ = {
			isa = XCConfigurationList;
			buildConfigurations = (
				4C4ED46214111CEE00BE8DA2 /* Debug */,
				4C4ED46314111CEE00BE8DA2 /* Release */,
			);
			defaultConfigurationIsVisible = 0;
			defaultConfigurationName = Release;
		};
/* End XCConfigurationList section */
	};
	rootObject = 4C4ED43114111CED00BE8DA2 /* Project object */;
}
